
Microsoft Visual Studio Solution File, Format Version 12.00
# Visual Studio Version 18
VisualStudioVersion = 18.1.11304.174 d18.0
MinimumVisualStudioVersion = 10.0.40219.1
Project("{2150E333-8FDC-42A3-9474-1A3956D46DE8}") = "Bootstrapper", "Bootstrapper", "{02EA681E-C7D8-13C7-8484-4AC65E1B71E8}"
EndProject
Project("{2150E333-8FDC-42A3-9474-1A3956D46DE8}") = "Modules", "Modules", "{156623CB-B6D2-49C9-8B3B-EBB2AA268AD3}"
EndProject
Project("{2150E333-8FDC-42A3-9474-1A3956D46DE8}") = "Shared", "Shared", "{F55F4220-674A-4258-8C53-7AF217C0BF46}"
EndProject
Project("{FAE04EC0-301F-11D3-BF4B-00C04F79EFBC}") = "Api", "Bootstrapper\Api\Api.csproj", "{20B5C8FE-CBDF-44F4-9F56-DB188D43DD2A}"
EndProject
Project("{2150E333-8FDC-42A3-9474-1A3956D46DE8}") = "Catalog", "Catalog", "{E8158411-19B2-4968-874E-C33DC121BBD4}"
EndProject
Project("{2150E333-8FDC-42A3-9474-1A3956D46DE8}") = "Basket", "Basket", "{A3FEFD9A-6851-4487-A32A-F68CF03EA794}"
EndProject
Project("{2150E333-8FDC-42A3-9474-1A3956D46DE8}") = "Ordering", "Ordering", "{F3036F36-24E8-46B3-86FB-A934EF8D8FC0}"
EndProject
Project("{FAE04EC0-301F-11D3-BF4B-00C04F79EFBC}") = "Basket", "Modules\Basket\Basket\Basket.csproj", "{104E5953-DD81-9616-13CE-C09E478BF9F9}"
EndProject
Project("{FAE04EC0-301F-11D3-BF4B-00C04F79EFBC}") = "Catalog", "Modules\Catalog\Catalog\Catalog.csproj", "{17FDB6C3-F5C9-B157-88D9-E42E8643CEB7}"
EndProject
Project("{FAE04EC0-301F-11D3-BF4B-00C04F79EFBC}") = "Ordering", "Modules\Ordering\Ordering\Ordering.csproj", "{D0339BBA-887A-3B4D-94BA-76C21C8266EB}"
EndProject
Project("{FAE04EC0-301F-11D3-BF4B-00C04F79EFBC}") = "Shared", "Shared\Shared\Shared.csproj", "{69E982B4-B8B6-4FB4-9DAD-4AFFD3B6DF42}"
EndProject
Project("{E53339B2-1760-4266-BCC7-CA923CBCF16C}") = "docker-compose", "docker-compose.dcproj", "{81DDED9D-158B-E303-5F62-77A2896D2A5A}"
EndProject
Global
	GlobalSection(SolutionConfigurationPlatforms) = preSolution
		Debug|Any CPU = Debug|Any CPU
		Release|Any CPU = Release|Any CPU
	EndGlobalSection
	GlobalSection(ProjectConfigurationPlatforms) = postSolution
		{20B5C8FE-CBDF-44F4-9F56-DB188D43DD2A}.Debug|Any CPU.ActiveCfg = Debug|Any CPU
		{20B5C8FE-CBDF-44F4-9F56-DB188D43DD2A}.Debug|Any CPU.Build.0 = Debug|Any CPU
		{20B5C8FE-CBDF-44F4-9F56-DB188D43DD2A}.Release|Any CPU.ActiveCfg = Release|Any CPU
		{20B5C8FE-CBDF-44F4-9F56-DB188D43DD2A}.Release|Any CPU.Build.0 = Release|Any CPU
		{104E5953-DD81-9616-13CE-C09E478BF9F9}.Debug|Any CPU.ActiveCfg = Debug|Any CPU
		{104E5953-DD81-9616-13CE-C09E478BF9F9}.Debug|Any CPU.Build.0 = Debug|Any CPU
		{104E5953-DD81-9616-13CE-C09E478BF9F9}.Release|Any CPU.ActiveCfg = Release|Any CPU
		{104E5953-DD81-9616-13CE-C09E478BF9F9}.Release|Any CPU.Build.0 = Release|Any CPU
		{17FDB6C3-F5C9-B157-88D9-E42E8643CEB7}.Debug|Any CPU.ActiveCfg = Debug|Any CPU
		{17FDB6C3-F5C9-B157-88D9-E42E8643CEB7}.Debug|Any CPU.Build.0 = Debug|Any CPU
		{17FDB6C3-F5C9-B157-88D9-E42E8643CEB7}.Release|Any CPU.ActiveCfg = Release|Any CPU
		{17FDB6C3-F5C9-B157-88D9-E42E8643CEB7}.Release|Any CPU.Build.0 = Release|Any CPU
		{D0339BBA-887A-3B4D-94BA-76C21C8266EB}.Debug|Any CPU.ActiveCfg = Debug|Any CPU
		{D0339BBA-887A-3B4D-94BA-76C21C8266EB}.Debug|Any CPU.Build.0 = Debug|Any CPU
		{D0339BBA-887A-3B4D-94BA-76C21C8266EB}.Release|Any CPU.ActiveCfg = Release|Any CPU
		{D0339BBA-887A-3B4D-94BA-76C21C8266EB}.Release|Any CPU.Build.0 = Release|Any CPU
		{69E982B4-B8B6-4FB4-9DAD-4AFFD3B6DF42}.Debug|Any CPU.ActiveCfg = Debug|Any CPU
		{69E982B4-B8B6-4FB4-9DAD-4AFFD3B6DF42}.Debug|Any CPU.Build.0 = Debug|Any CPU
		{69E982B4-B8B6-4FB4-9DAD-4AFFD3B6DF42}.Release|Any CPU.ActiveCfg = Release|Any CPU
		{69E982B4-B8B6-4FB4-9DAD-4AFFD3B6DF42}.Release|Any CPU.Build.0 = Release|Any CPU
		{81DDED9D-158B-E303-5F62-77A2896D2A5A}.Debug|Any CPU.ActiveCfg = Debug|Any CPU
		{81DDED9D-158B-E303-5F62-77A2896D2A5A}.Debug|Any CPU.Build.0 = Debug|Any CPU
		{81DDED9D-158B-E303-5F62-77A2896D2A5A}.Release|Any CPU.ActiveCfg = Release|Any CPU
		{81DDED9D-158B-E303-5F62-77A2896D2A5A}.Release|Any CPU.Build.0 = Release|Any CPU
	EndGlobalSection
	GlobalSection(SolutionProperties) = preSolution
		HideSolutionNode = FALSE
	EndGlobalSection
	GlobalSection(NestedProjects) = preSolution
		{20B5C8FE-CBDF-44F4-9F56-DB188D43DD2A} = {02EA681E-C7D8-13C7-8484-4AC65E1B71E8}
		{E8158411-19B2-4968-874E-C33DC121BBD4} = {156623CB-B6D2-49C9-8B3B-EBB2AA268AD3}
		{A3FEFD9A-6851-4487-A32A-F68CF03EA794} = {156623CB-B6D2-49C9-8B3B-EBB2AA268AD3}
		{F3036F36-24E8-46B3-86FB-A934EF8D8FC0} = {156623CB-B6D2-49C9-8B3B-EBB2AA268AD3}
		{104E5953-DD81-9616-13CE-C09E478BF9F9} = {A3FEFD9A-6851-4487-A32A-F68CF03EA794}
		{17FDB6C3-F5C9-B157-88D9-E42E8643CEB7} = {E8158411-19B2-4968-874E-C33DC121BBD4}
		{D0339BBA-887A-3B4D-94BA-76C21C8266EB} = {F3036F36-24E8-46B3-86FB-A934EF8D8FC0}
		{69E982B4-B8B6-4FB4-9DAD-4AFFD3B6DF42} = {F55F4220-674A-4258-8C53-7AF217C0BF46}
	EndGlobalSection
	GlobalSection(ExtensibilityGlobals) = postSolution
		SolutionGuid = {89AC61CD-7CCE-4D55-93D7-192B92BCBC79}
	EndGlobalSection
EndGlobal
