
Microsoft Visual Studio Solution File, Format Version 12.00
# Visual Studio Version 17
VisualStudioVersion = 17.14.36310.24
MinimumVisualStudioVersion = 10.0.40219.1
Project("{2150E333-8FDC-42A3-9474-1A3956D46DE8}") = "Bootstrapper", "Bootstrapper", "{02EA681E-C7D8-13C7-8484-4AC65E1B71E8}"
EndProject
Project("{2150E333-8FDC-42A3-9474-1A3956D46DE8}") = "Modules", "Modules", "{156623CB-B6D2-49C9-8B3B-EBB2AA268AD3}"
EndProject
Project("{2150E333-8FDC-42A3-9474-1A3956D46DE8}") = "Shared", "Shared", "{F55F4220-674A-4258-8C53-7AF217C0BF46}"
EndProject
Project("{FAE04EC0-301F-11D3-BF4B-00C04F79EFBC}") = "Api", "Bootstrapper\Api\Api.csproj", "{20B5C8FE-CBDF-44F4-9F56-DB188D43DD2A}"
EndProject
Global
	GlobalSection(SolutionConfigurationPlatforms) = preSolution
		Debug|Any CPU = Debug|Any CPU
		Release|Any CPU = Release|Any CPU
	EndGlobalSection
	GlobalSection(ProjectConfigurationPlatforms) = postSolution
		{20B5C8FE-CBDF-44F4-9F56-DB188D43DD2A}.Debug|Any CPU.ActiveCfg = Debug|Any CPU
		{20B5C8FE-CBDF-44F4-9F56-DB188D43DD2A}.Debug|Any CPU.Build.0 = Debug|Any CPU
		{20B5C8FE-CBDF-44F4-9F56-DB188D43DD2A}.Release|Any CPU.ActiveCfg = Release|Any CPU
		{20B5C8FE-CBDF-44F4-9F56-DB188D43DD2A}.Release|Any CPU.Build.0 = Release|Any CPU
	EndGlobalSection
	GlobalSection(SolutionProperties) = preSolution
		HideSolutionNode = FALSE
	EndGlobalSection
	GlobalSection(NestedProjects) = preSolution
		{20B5C8FE-CBDF-44F4-9F56-DB188D43DD2A} = {02EA681E-C7D8-13C7-8484-4AC65E1B71E8}
	EndGlobalSection
	GlobalSection(ExtensibilityGlobals) = postSolution
		SolutionGuid = {89AC61CD-7CCE-4D55-93D7-192B92BCBC79}
	EndGlobalSection
EndGlobal
